
Microsoft Visual Studio Solution File, Format Version 12.00
# Visual Studio 14
VisualStudioVersion = 14.0.25420.1
MinimumVisualStudioVersion = 10.0.40219.1
Project("{FAE04EC0-301F-11D3-BF4B-00C04F79EFBC}") = "ejercicio02", "ejercicio02\ejercicio02.csproj", "{B295B449-02AA-4FEC-92FA-663EB7F698F8}"
EndProject
Project("{FAE04EC0-301F-11D3-BF4B-00C04F79EFBC}") = "UnitTestProject1", "UnitTestProject1\UnitTestProject1.csproj", "{91CEDD9F-1770-4C88-B230-EC3B553E723E}"
EndProject
Global
	GlobalSection(SolutionConfigurationPlatforms) = preSolution
		Debug|Any CPU = Debug|Any CPU
		Release|Any CPU = Release|Any CPU
	EndGlobalSection
	GlobalSection(ProjectConfigurationPlatforms) = postSolution
		{B295B449-02AA-4FEC-92FA-663EB7F698F8}.Debug|Any CPU.ActiveCfg = Debug|Any CPU
		{B295B449-02AA-4FEC-92FA-663EB7F698F8}.Debug|Any CPU.Build.0 = Debug|Any CPU
		{B295B449-02AA-4FEC-92FA-663EB7F698F8}.Release|Any CPU.ActiveCfg = Release|Any CPU
		{B295B449-02AA-4FEC-92FA-663EB7F698F8}.Release|Any CPU.Build.0 = Release|Any CPU
		{91CEDD9F-1770-4C88-B230-EC3B553E723E}.Debug|Any CPU.ActiveCfg = Debug|Any CPU
		{91CEDD9F-1770-4C88-B230-EC3B553E723E}.Debug|Any CPU.Build.0 = Debug|Any CPU
		{91CEDD9F-1770-4C88-B230-EC3B553E723E}.Release|Any CPU.ActiveCfg = Release|Any CPU
		{91CEDD9F-1770-4C88-B230-EC3B553E723E}.Release|Any CPU.Build.0 = Release|Any CPU
	EndGlobalSection
	GlobalSection(SolutionProperties) = preSolution
		HideSolutionNode = FALSE
	EndGlobalSection
EndGlobal
